
Microsoft Visual Studio Solution File, Format Version 12.00
# Visual Studio Version 16
VisualStudioVersion = 16.0.34114.132
MinimumVisualStudioVersion = 10.0.40219.1
Project("{FAE04EC0-301F-11D3-BF4B-00C04F79EFBC}") = "IncidentPlatform.API", "IncidentPlatform.API\IncidentPlatform.API.csproj", "{C6659209-A286-48D5-8149-50E1A9DCCFBD}"
EndProject
Project("{FAE04EC0-301F-11D3-BF4B-00C04F79EFBC}") = "IncidentPlatform.Application", "IncidentPlatform.Application\IncidentPlatform.Application.csproj", "{3B512D76-1E7D-49D8-A067-930F3D0BAC4A}"
EndProject
Project("{FAE04EC0-301F-11D3-BF4B-00C04F79EFBC}") = "IncidentPlatform.Domain", "IncidentPlatform.Domain\IncidentPlatform.Domain.csproj", "{5A5D9366-C46C-4331-A8B0-8CCBCE8260BB}"
EndProject
Project("{FAE04EC0-301F-11D3-BF4B-00C04F79EFBC}") = "IncidentPlatform.Infrastructure", "IncidentPlatform.Infrastructure\IncidentPlatform.Infrastructure.csproj", "{663598EA-7BB3-460E-9F42-406575565505}"
EndProject
Global
	GlobalSection(SolutionConfigurationPlatforms) = preSolution
		Debug|Any CPU = Debug|Any CPU
		Debug|x64 = Debug|x64
		Debug|x86 = Debug|x86
		Release|Any CPU = Release|Any CPU
		Release|x64 = Release|x64
		Release|x86 = Release|x86
	EndGlobalSection
	GlobalSection(ProjectConfigurationPlatforms) = postSolution
		{C6659209-A286-48D5-8149-50E1A9DCCFBD}.Debug|Any CPU.ActiveCfg = Debug|Any CPU
		{C6659209-A286-48D5-8149-50E1A9DCCFBD}.Debug|Any CPU.Build.0 = Debug|Any CPU
		{C6659209-A286-48D5-8149-50E1A9DCCFBD}.Debug|x64.ActiveCfg = Debug|Any CPU
		{C6659209-A286-48D5-8149-50E1A9DCCFBD}.Debug|x64.Build.0 = Debug|Any CPU
		{C6659209-A286-48D5-8149-50E1A9DCCFBD}.Debug|x86.ActiveCfg = Debug|Any CPU
		{C6659209-A286-48D5-8149-50E1A9DCCFBD}.Debug|x86.Build.0 = Debug|Any CPU
		{C6659209-A286-48D5-8149-50E1A9DCCFBD}.Release|Any CPU.ActiveCfg = Release|Any CPU
		{C6659209-A286-48D5-8149-50E1A9DCCFBD}.Release|Any CPU.Build.0 = Release|Any CPU
		{C6659209-A286-48D5-8149-50E1A9DCCFBD}.Release|x64.ActiveCfg = Release|Any CPU
		{C6659209-A286-48D5-8149-50E1A9DCCFBD}.Release|x64.Build.0 = Release|Any CPU
		{C6659209-A286-48D5-8149-50E1A9DCCFBD}.Release|x86.ActiveCfg = Release|Any CPU
		{C6659209-A286-48D5-8149-50E1A9DCCFBD}.Release|x86.Build.0 = Release|Any CPU
		{3B512D76-1E7D-49D8-A067-930F3D0BAC4A}.Debug|Any CPU.ActiveCfg = Debug|Any CPU
		{3B512D76-1E7D-49D8-A067-930F3D0BAC4A}.Debug|Any CPU.Build.0 = Debug|Any CPU
		{3B512D76-1E7D-49D8-A067-930F3D0BAC4A}.Debug|x64.ActiveCfg = Debug|Any CPU
		{3B512D76-1E7D-49D8-A067-930F3D0BAC4A}.Debug|x64.Build.0 = Debug|Any CPU
		{3B512D76-1E7D-49D8-A067-930F3D0BAC4A}.Debug|x86.ActiveCfg = Debug|Any CPU
		{3B512D76-1E7D-49D8-A067-930F3D0BAC4A}.Debug|x86.Build.0 = Debug|Any CPU
		{3B512D76-1E7D-49D8-A067-930F3D0BAC4A}.Release|Any CPU.ActiveCfg = Release|Any CPU
		{3B512D76-1E7D-49D8-A067-930F3D0BAC4A}.Release|Any CPU.Build.0 = Release|Any CPU
		{3B512D76-1E7D-49D8-A067-930F3D0BAC4A}.Release|x64.ActiveCfg = Release|Any CPU
		{3B512D76-1E7D-49D8-A067-930F3D0BAC4A}.Release|x64.Build.0 = Release|Any CPU
		{3B512D76-1E7D-49D8-A067-930F3D0BAC4A}.Release|x86.ActiveCfg = Release|Any CPU
		{3B512D76-1E7D-49D8-A067-930F3D0BAC4A}.Release|x86.Build.0 = Release|Any CPU
		{5A5D9366-C46C-4331-A8B0-8CCBCE8260BB}.Debug|Any CPU.ActiveCfg = Debug|Any CPU
		{5A5D9366-C46C-4331-A8B0-8CCBCE8260BB}.Debug|Any CPU.Build.0 = Debug|Any CPU
		{5A5D9366-C46C-4331-A8B0-8CCBCE8260BB}.Debug|x64.ActiveCfg = Debug|Any CPU
		{5A5D9366-C46C-4331-A8B0-8CCBCE8260BB}.Debug|x64.Build.0 = Debug|Any CPU
		{5A5D9366-C46C-4331-A8B0-8CCBCE8260BB}.Debug|x86.ActiveCfg = Debug|Any CPU
		{5A5D9366-C46C-4331-A8B0-8CCBCE8260BB}.Debug|x86.Build.0 = Debug|Any CPU
		{5A5D9366-C46C-4331-A8B0-8CCBCE8260BB}.Release|Any CPU.ActiveCfg = Release|Any CPU
		{5A5D9366-C46C-4331-A8B0-8CCBCE8260BB}.Release|Any CPU.Build.0 = Release|Any CPU
		{5A5D9366-C46C-4331-A8B0-8CCBCE8260BB}.Release|x64.ActiveCfg = Release|Any CPU
		{5A5D9366-C46C-4331-A8B0-8CCBCE8260BB}.Release|x64.Build.0 = Release|Any CPU
		{5A5D9366-C46C-4331-A8B0-8CCBCE8260BB}.Release|x86.ActiveCfg = Release|Any CPU
		{5A5D9366-C46C-4331-A8B0-8CCBCE8260BB}.Release|x86.Build.0 = Release|Any CPU
		{663598EA-7BB3-460E-9F42-406575565505}.Debug|Any CPU.ActiveCfg = Debug|Any CPU
		{663598EA-7BB3-460E-9F42-406575565505}.Debug|Any CPU.Build.0 = Debug|Any CPU
		{663598EA-7BB3-460E-9F42-406575565505}.Debug|x64.ActiveCfg = Debug|Any CPU
		{663598EA-7BB3-460E-9F42-406575565505}.Debug|x64.Build.0 = Debug|Any CPU
		{663598EA-7BB3-460E-9F42-406575565505}.Debug|x86.ActiveCfg = Debug|Any CPU
		{663598EA-7BB3-460E-9F42-406575565505}.Debug|x86.Build.0 = Debug|Any CPU
		{663598EA-7BB3-460E-9F42-406575565505}.Release|Any CPU.ActiveCfg = Release|Any CPU
		{663598EA-7BB3-460E-9F42-406575565505}.Release|Any CPU.Build.0 = Release|Any CPU
		{663598EA-7BB3-460E-9F42-406575565505}.Release|x64.ActiveCfg = Release|Any CPU
		{663598EA-7BB3-460E-9F42-406575565505}.Release|x64.Build.0 = Release|Any CPU
		{663598EA-7BB3-460E-9F42-406575565505}.Release|x86.ActiveCfg = Release|Any CPU
		{663598EA-7BB3-460E-9F42-406575565505}.Release|x86.Build.0 = Release|Any CPU
	EndGlobalSection
	GlobalSection(SolutionProperties) = preSolution
		HideSolutionNode = FALSE
	EndGlobalSection
	GlobalSection(ExtensibilityGlobals) = postSolution
		SolutionGuid = {4572F7DB-3528-44E2-8931-BFCCEF6031F8}
	EndGlobalSection
EndGlobal
